
Microsoft Visual Studio Solution File, Format Version 12.00
# Visual Studio Version 17
VisualStudioVersion = 17.6.33801.468
MinimumVisualStudioVersion = 10.0.40219.1
Project("{FAE04EC0-301F-11D3-BF4B-00C04F79EFBC}") = "Esercizio-10-Data_Coll-.NET", "Esercizio-10-Data_Coll-.NET\Esercizio-10-Data_Coll-.NET.csproj", "{BA9F915E-4503-4BA3-8835-83F9CFA77058}"
EndProject
Global
	GlobalSection(SolutionConfigurationPlatforms) = preSolution
		Debug|Any CPU = Debug|Any CPU
		Release|Any CPU = Release|Any CPU
	EndGlobalSection
	GlobalSection(ProjectConfigurationPlatforms) = postSolution
		{BA9F915E-4503-4BA3-8835-83F9CFA77058}.Debug|Any CPU.ActiveCfg = Debug|Any CPU
		{BA9F915E-4503-4BA3-8835-83F9CFA77058}.Debug|Any CPU.Build.0 = Debug|Any CPU
		{BA9F915E-4503-4BA3-8835-83F9CFA77058}.Release|Any CPU.ActiveCfg = Release|Any CPU
		{BA9F915E-4503-4BA3-8835-83F9CFA77058}.Release|Any CPU.Build.0 = Release|Any CPU
	EndGlobalSection
	GlobalSection(SolutionProperties) = preSolution
		HideSolutionNode = FALSE
	EndGlobalSection
	GlobalSection(ExtensibilityGlobals) = postSolution
		SolutionGuid = {2A466A15-10D0-47E9-B1F0-B3CB4DD1BA11}
	EndGlobalSection
EndGlobal
